
Microsoft Visual Studio Solution File, Format Version 12.00
# Visual Studio Version 17
VisualStudioVersion = 17.9.34728.123
MinimumVisualStudioVersion = 10.0.40219.1
Project("{FAE04EC0-301F-11D3-BF4B-00C04F79EFBC}") = "Øvelse 5.4", "Øvelse 5.4\Øvelse 5.4.csproj", "{33830A77-D104-4968-A771-9BB948DC4E7B}"
EndProject
Global
	GlobalSection(SolutionConfigurationPlatforms) = preSolution
		Debug|Any CPU = Debug|Any CPU
		Release|Any CPU = Release|Any CPU
	EndGlobalSection
	GlobalSection(ProjectConfigurationPlatforms) = postSolution
		{33830A77-D104-4968-A771-9BB948DC4E7B}.Debug|Any CPU.ActiveCfg = Debug|Any CPU
		{33830A77-D104-4968-A771-9BB948DC4E7B}.Debug|Any CPU.Build.0 = Debug|Any CPU
		{33830A77-D104-4968-A771-9BB948DC4E7B}.Release|Any CPU.ActiveCfg = Release|Any CPU
		{33830A77-D104-4968-A771-9BB948DC4E7B}.Release|Any CPU.Build.0 = Release|Any CPU
	EndGlobalSection
	GlobalSection(SolutionProperties) = preSolution
		HideSolutionNode = FALSE
	EndGlobalSection
	GlobalSection(ExtensibilityGlobals) = postSolution
		SolutionGuid = {BAE48DFA-B609-4612-BCB2-B3BA55314A8E}
	EndGlobalSection
EndGlobal
